Microsoft Visual Studio Solution File, Format Version 12.00
# Visual Studio Version 16
VisualStudioVersion = 16.0.31624.102
MinimumVisualStudioVersion = 10.0.40219.1
Project("{9A19103F-16F7-4668-BE54-9A1E7A4F7556}") = "WindowsFirewallHelper", "WindowsFirewallHelper\WindowsFirewallHelper.csproj", "{5D71AD0C-A697-4CB1-B7A4-8395BA7D6D4C}"
EndProject
Project("{FAE04EC0-301F-11D3-BF4B-00C04F79EFBC}") = "WindowsFirewallHelper.Sample", "WindowsFirewallHelper.Sample\WindowsFirewallHelper.Sample.csproj", "{A16AB986-7576-4BC5-ACBF-7728A55A6E13}"
EndProject
Project("{9A19103F-16F7-4668-BE54-9A1E7A4F7556}") = "WindowsFirewallHelper.NetCoreSample", "WindowsFirewallHelper.NetCoreSample\WindowsFirewallHelper.NetCoreSample.csproj", "{8B2C0C23-8B5E-4760-A08F-263A055A8DE9}"
EndProject
Project("{2150E333-8FDC-42A3-9474-1A3956D46DE8}") = "SolutionItems", "SolutionItems", "{741FC1E3-8A15-401E-BBA9-EFFF09F50036}"
	ProjectSection(SolutionItems) = preProject
		LICENSE = LICENSE
		README.md = README.md
		screenshot.jpg = screenshot.jpg
	EndProjectSection
EndProject
Project("{9A19103F-16F7-4668-BE54-9A1E7A4F7556}") = "WindowsFirewallHelper.Tests", "WindowsFirewallHelper.Tests\WindowsFirewallHelper.Tests.csproj", "{4A0BDBCB-3C98-4F43-86C5-ABE7EB537D42}"
EndProject
Project("{FAE04EC0-301F-11D3-BF4B-00C04F79EFBC}") = "WindowsFirewallHelper.Net5Sample", "WindowsFirewallHelper.Net5Sample\WindowsFirewallHelper.Net5Sample.csproj", "{5409EA9F-700C-449E-B4F2-664CAA9A894A}"
EndProject
Global
	GlobalSection(SolutionConfigurationPlatforms) = preSolution
		Debug|Any CPU = Debug|Any CPU
		Release|Any CPU = Release|Any CPU
	EndGlobalSection
	GlobalSection(ProjectConfigurationPlatforms) = postSolution
		{5D71AD0C-A697-4CB1-B7A4-8395BA7D6D4C}.Debug|Any CPU.ActiveCfg = Debug|Any CPU
		{5D71AD0C-A697-4CB1-B7A4-8395BA7D6D4C}.Debug|Any CPU.Build.0 = Debug|Any CPU
		{5D71AD0C-A697-4CB1-B7A4-8395BA7D6D4C}.Release|Any CPU.ActiveCfg = Release|Any CPU
		{5D71AD0C-A697-4CB1-B7A4-8395BA7D6D4C}.Release|Any CPU.Build.0 = Release|Any CPU
		{A16AB986-7576-4BC5-ACBF-7728A55A6E13}.Debug|Any CPU.ActiveCfg = Debug|Any CPU
		{A16AB986-7576-4BC5-ACBF-7728A55A6E13}.Debug|Any CPU.Build.0 = Debug|Any CPU
		{A16AB986-7576-4BC5-ACBF-7728A55A6E13}.Release|Any CPU.ActiveCfg = Release|Any CPU
		{A16AB986-7576-4BC5-ACBF-7728A55A6E13}.Release|Any CPU.Build.0 = Release|Any CPU
		{8B2C0C23-8B5E-4760-A08F-263A055A8DE9}.Debug|Any CPU.ActiveCfg = Debug|Any CPU
		{8B2C0C23-8B5E-4760-A08F-263A055A8DE9}.Debug|Any CPU.Build.0 = Debug|Any CPU
		{8B2C0C23-8B5E-4760-A08F-263A055A8DE9}.Release|Any CPU.ActiveCfg = Release|Any CPU
		{8B2C0C23-8B5E-4760-A08F-263A055A8DE9}.Release|Any CPU.Build.0 = Release|Any CPU
		{4A0BDBCB-3C98-4F43-86C5-ABE7EB537D42}.Debug|Any CPU.ActiveCfg = Release|Any CPU
		{4A0BDBCB-3C98-4F43-86C5-ABE7EB537D42}.Debug|Any CPU.Build.0 = Release|Any CPU
		{4A0BDBCB-3C98-4F43-86C5-ABE7EB537D42}.Release|Any CPU.ActiveCfg = Release|Any CPU
		{5409EA9F-700C-449E-B4F2-664CAA9A894A}.Debug|Any CPU.ActiveCfg = Debug|Any CPU
		{5409EA9F-700C-449E-B4F2-664CAA9A894A}.Debug|Any CPU.Build.0 = Debug|Any CPU
		{5409EA9F-700C-449E-B4F2-664CAA9A894A}.Release|Any CPU.ActiveCfg = Release|Any CPU
		{5409EA9F-700C-449E-B4F2-664CAA9A894A}.Release|Any CPU.Build.0 = Release|Any CPU
	EndGlobalSection
	GlobalSection(SolutionProperties) = preSolution
		HideSolutionNode = FALSE
	EndGlobalSection
	GlobalSection(ExtensibilityGlobals) = postSolution
		SolutionGuid = {0C39D722-F354-443C-8C16-8FB8FA156042}
	EndGlobalSection
EndGlobal
